<?xml version="1.0" encoding="utf-8"?>
<Project ToolsVersion="4.0" xmlns="http://schemas.microsoft.com/developer/msbuild/2003">
  <ItemGroup>
    <Filter Include="World">
      <UniqueIdentifier>{4D25640E-B939-8CBF-82BB-2F1FEE8E88F0}</UniqueIdentifier>
    </Filter>
  </ItemGroup>
  <ItemGroup>
    <ClInclude Include="src\Player.h" />
    <ClInclude Include="src\World\World.h">
      <Filter>World</Filter>
    </ClInclude>
  </ItemGroup>
  <ItemGroup>
    <ClCompile Include="src\Player.cpp" />
    <ClCompile Include="src\Source.cpp" />
  </ItemGroup>
</Project>