<?xml version="1.0" encoding="utf-8"?>
<Project ToolsVersion="4.0" xmlns="http://schemas.microsoft.com/developer/msbuild/2003">
  <ItemGroup>
    <Filter Include="Leviathan">
      <UniqueIdentifier>{E16A6934-4DD5-1DAB-9613-CF5002BDFBFF}</UniqueIdentifier>
    </Filter>
    <Filter Include="Leviathan\Core">
      <UniqueIdentifier>{D9832DB1-C551-21B7-AEE5-91DD9A52FD1B}</UniqueIdentifier>
    </Filter>
    <Filter Include="Leviathan\Data">
      <UniqueIdentifier>{EAD42DB1-D6A2-21B7-BF36-92DDABA3FD1B}</UniqueIdentifier>
    </Filter>
    <Filter Include="Leviathan\Graphics">
      <UniqueIdentifier>{4100DE42-2DE4-9E98-9644-99EB8247891A}</UniqueIdentifier>
    </Filter>
    <Filter Include="Leviathan\Graphics\Buffers">
      <UniqueIdentifier>{BD706B25-A980-17F6-123A-7C14FE68068F}</UniqueIdentifier>
    </Filter>
    <Filter Include="Leviathan\Input">
      <UniqueIdentifier>{A0FF49D7-0C8B-B79B-159C-3A9081A6139C}</UniqueIdentifier>
    </Filter>
    <Filter Include="Leviathan\Util">
      <UniqueIdentifier>{CE7637B1-BA44-2BB7-A3D8-9BDD8F45071C}</UniqueIdentifier>
    </Filter>
    <Filter Include="Leviathan\Util\Delegate">
      <UniqueIdentifier>{7837D7A4-E46E-1F3C-ED78-835F592F4635}</UniqueIdentifier>
    </Filter>
  </ItemGroup>
  <ItemGroup>
    <ClInclude Include="src\Leviathan.h" />
    <ClInclude Include="src\Leviathan\Core\Application.h">
      <Filter>Leviathan\Core</Filter>
    </ClInclude>
    <ClInclude Include="src\Leviathan\Core\Event.h">
      <Filter>Leviathan\Core</Filter>
    </ClInclude>
    <ClInclude Include="src\Leviathan\Core\Renderer.h">
      <Filter>Leviathan\Core</Filter>
    </ClInclude>
    <ClInclude Include="src\Leviathan\Core\Window.h">
      <Filter>Leviathan\Core</Filter>
    </ClInclude>
    <ClInclude Include="src\Leviathan\Data\Dictionary.h">
      <Filter>Leviathan\Data</Filter>
    </ClInclude>
    <ClInclude Include="src\Leviathan\Data\Entity.h">
      <Filter>Leviathan\Data</Filter>
    </ClInclude>
    <ClInclude Include="src\Leviathan\Data\FastNoise.h">
      <Filter>Leviathan\Data</Filter>
    </ClInclude>
    <ClInclude Include="src\Leviathan\Data\Image.h">
      <Filter>Leviathan\Data</Filter>
    </ClInclude>
    <ClInclude Include="src\Leviathan\Data\Structures.h">
      <Filter>Leviathan\Data</Filter>
    </ClInclude>
    <ClInclude Include="src\Leviathan\Data\Timestep.h">
      <Filter>Leviathan\Data</Filter>
    </ClInclude>
    <ClInclude Include="src\Leviathan\Graphics\Buffers\DepthBuffer.h">
      <Filter>Leviathan\Graphics\Buffers</Filter>
    </ClInclude>
    <ClInclude Include="src\Leviathan\Graphics\Buffers\FrameBuffer.h">
      <Filter>Leviathan\Graphics\Buffers</Filter>
    </ClInclude>
    <ClInclude Include="src\Leviathan\Graphics\Buffers\StencilBuffer.h">
      <Filter>Leviathan\Graphics\Buffers</Filter>
    </ClInclude>
    <ClInclude Include="src\Leviathan\Graphics\Buffers\VertexBuffer.h">
      <Filter>Leviathan\Graphics\Buffers</Filter>
    </ClInclude>
    <ClInclude Include="src\Leviathan\Graphics\Camera.h">
      <Filter>Leviathan\Graphics</Filter>
    </ClInclude>
    <ClInclude Include="src\Leviathan\Graphics\Drawable.h">
      <Filter>Leviathan\Graphics</Filter>
    </ClInclude>
    <ClInclude Include="src\Leviathan\Graphics\Mesh.h">
      <Filter>Leviathan\Graphics</Filter>
    </ClInclude>
    <ClInclude Include="src\Leviathan\Graphics\Shader.h">
      <Filter>Leviathan\Graphics</Filter>
    </ClInclude>
    <ClInclude Include="src\Leviathan\Graphics\Texture.h">
      <Filter>Leviathan\Graphics</Filter>
    </ClInclude>
    <ClInclude Include="src\Leviathan\Input\InputCodes.h">
      <Filter>Leviathan\Input</Filter>
    </ClInclude>
    <ClInclude Include="src\Leviathan\Input\Keyboard.h">
      <Filter>Leviathan\Input</Filter>
    </ClInclude>
    <ClInclude Include="src\Leviathan\Input\Mouse.h">
      <Filter>Leviathan\Input</Filter>
    </ClInclude>
    <ClInclude Include="src\Leviathan\Util\Delegate\Delegate.h">
      <Filter>Leviathan\Util\Delegate</Filter>
    </ClInclude>
    <ClInclude Include="src\Leviathan\Util\Delegate\MultiDelegate.h">
      <Filter>Leviathan\Util\Delegate</Filter>
    </ClInclude>
    <ClInclude Include="src\Leviathan\Util\FileManager.h">
      <Filter>Leviathan\Util</Filter>
    </ClInclude>
    <ClInclude Include="src\Leviathan\Util\Math.h">
      <Filter>Leviathan\Util</Filter>
    </ClInclude>
    <ClInclude Include="src\Leviathan\Data\Transform.h" />
  </ItemGroup>
  <ItemGroup>
    <ClCompile Include="src\Leviathan\Core\Application.cpp">
      <Filter>Leviathan\Core</Filter>
    </ClCompile>
    <ClCompile Include="src\Leviathan\Core\Renderer.cpp">
      <Filter>Leviathan\Core</Filter>
    </ClCompile>
    <ClCompile Include="src\Leviathan\Core\Window.cpp">
      <Filter>Leviathan\Core</Filter>
    </ClCompile>
    <ClCompile Include="src\Leviathan\Data\Entity.cpp">
      <Filter>Leviathan\Data</Filter>
    </ClCompile>
    <ClCompile Include="src\Leviathan\Data\Image.cpp">
      <Filter>Leviathan\Data</Filter>
    </ClCompile>
    <ClCompile Include="src\Leviathan\Graphics\Buffers\DepthBuffer.cpp">
      <Filter>Leviathan\Graphics\Buffers</Filter>
    </ClCompile>
    <ClCompile Include="src\Leviathan\Graphics\Buffers\FrameBuffer.cpp">
      <Filter>Leviathan\Graphics\Buffers</Filter>
    </ClCompile>
    <ClCompile Include="src\Leviathan\Graphics\Buffers\StencilBuffer.cpp">
      <Filter>Leviathan\Graphics\Buffers</Filter>
    </ClCompile>
    <ClCompile Include="src\Leviathan\Graphics\Buffers\VertexBuffer.cpp">
      <Filter>Leviathan\Graphics\Buffers</Filter>
    </ClCompile>
    <ClCompile Include="src\Leviathan\Graphics\Camera.cpp">
      <Filter>Leviathan\Graphics</Filter>
    </ClCompile>
    <ClCompile Include="src\Leviathan\Graphics\Drawable.cpp">
      <Filter>Leviathan\Graphics</Filter>
    </ClCompile>
    <ClCompile Include="src\Leviathan\Graphics\Mesh.cpp">
      <Filter>Leviathan\Graphics</Filter>
    </ClCompile>
    <ClCompile Include="src\Leviathan\Graphics\Shader.cpp">
      <Filter>Leviathan\Graphics</Filter>
    </ClCompile>
    <ClCompile Include="src\Leviathan\Graphics\Texture.cpp">
      <Filter>Leviathan\Graphics</Filter>
    </ClCompile>
    <ClCompile Include="src\Leviathan\Input\Keyboard.cpp">
      <Filter>Leviathan\Input</Filter>
    </ClCompile>
    <ClCompile Include="src\Leviathan\Input\Mouse.cpp">
      <Filter>Leviathan\Input</Filter>
    </ClCompile>
    <ClCompile Include="src\Leviathan\Util\FileManager.cpp">
      <Filter>Leviathan\Util</Filter>
    </ClCompile>
  </ItemGroup>
</Project>